<Solution>
  <Folder Name="/src/">
    <Project Path="src/D47.Capabilities/D47.Capabilities.csproj" />
    <Project Path="src/D47.GameOverlay/D47.GameOverlay.csproj" />
    <Project Path="src/D47.Help/D47.Help.csproj" />
    <Project Path="src/D47.Journal/D47.Journal.csproj" />
    <Project Path="src/D47.Panel/D47.Panel.csproj" />
    <Project Path="src/D47.Placement/D47.Placement.csproj" />
    <Project Path="src/D47.Render/D47.Render.csproj" />
    <Project Path="src/D47.VrOverlay/D47.VrOverlay.csproj" />
  </Folder>
  <Folder Name="/tests/">
    <Project Path="tests/D47.TestSupport/D47.TestSupport.csproj" />
    <Project Path="tests/D47.Tier0.Tests/D47.Tier0.Tests.csproj" />
    <Project Path="tests/D47.Tier1.Tests/D47.Tier1.Tests.csproj" />
    <Project Path="tests/D47.Tier2.Tests/D47.Tier2.Tests.csproj" />
    <Project Path="tests/D47.Tier3.Tests/D47.Tier3.Tests.csproj" />
  </Folder>
</Solution>
